
Microsoft Visual Studio Solution File, Format Version 12.00
# Visual Studio Version 16
VisualStudioVersion = 16.0.30804.86
MinimumVisualStudioVersion = 10.0.40219.1
Project("{FAE04EC0-301F-11D3-BF4B-00C04F79EFBC}") = "DOCTEST1", "DOCTEST1\DOCTEST1.csproj", "{8A534DAC-BCE2-4177-AAE2-3E8FBBA40184}"
EndProject
Global
	GlobalSection(SolutionConfigurationPlatforms) = preSolution
		Debug|Any CPU = Debug|Any CPU
		Release|Any CPU = Release|Any CPU
	EndGlobalSection
	GlobalSection(ProjectConfigurationPlatforms) = postSolution
		{8A534DAC-BCE2-4177-AAE2-3E8FBBA40184}.Debug|Any CPU.ActiveCfg = Debug|Any CPU
		{8A534DAC-BCE2-4177-AAE2-3E8FBBA40184}.Debug|Any CPU.Build.0 = Debug|Any CPU
		{8A534DAC-BCE2-4177-AAE2-3E8FBBA40184}.Release|Any CPU.ActiveCfg = Release|Any CPU
		{8A534DAC-BCE2-4177-AAE2-3E8FBBA40184}.Release|Any CPU.Build.0 = Release|Any CPU
	EndGlobalSection
	GlobalSection(SolutionProperties) = preSolution
		HideSolutionNode = FALSE
	EndGlobalSection
	GlobalSection(ExtensibilityGlobals) = postSolution
		SolutionGuid = {AF36E920-6936-4827-B792-E1220AB0FC1C}
	EndGlobalSection
EndGlobal
